
Microsoft Visual Studio Solution File, Format Version 12.00
# Visual Studio 15
VisualStudioVersion = 15.0.28010.2046
MinimumVisualStudioVersion = 10.0.40219.1
Project("{FAE04EC0-301F-11D3-BF4B-00C04F79EFBC}") = "Flow-shop", "Flow-shop\Flow-shop.csproj", "{68A61459-9C63-44D8-A17A-9936DB8A6123}"
EndProject
Global
	GlobalSection(SolutionConfigurationPlatforms) = preSolution
		Debug|Any CPU = Debug|Any CPU
		Release|Any CPU = Release|Any CPU
	EndGlobalSection
	GlobalSection(ProjectConfigurationPlatforms) = postSolution
		{68A61459-9C63-44D8-A17A-9936DB8A6123}.Debug|Any CPU.ActiveCfg = Debug|Any CPU
		{68A61459-9C63-44D8-A17A-9936DB8A6123}.Debug|Any CPU.Build.0 = Debug|Any CPU
		{68A61459-9C63-44D8-A17A-9936DB8A6123}.Release|Any CPU.ActiveCfg = Release|Any CPU
		{68A61459-9C63-44D8-A17A-9936DB8A6123}.Release|Any CPU.Build.0 = Release|Any CPU
	EndGlobalSection
	GlobalSection(SolutionProperties) = preSolution
		HideSolutionNode = FALSE
	EndGlobalSection
	GlobalSection(ExtensibilityGlobals) = postSolution
		SolutionGuid = {0B98120C-40F4-49BF-8410-60162F8AAEF9}
	EndGlobalSection
EndGlobal
